
Microsoft Visual Studio Solution File, Format Version 12.00
# Visual Studio 15
VisualStudioVersion = 15.0.27703.2035
MinimumVisualStudioVersion = 10.0.40219.1
Project("{FAE04EC0-301F-11D3-BF4B-00C04F79EFBC}") = "StFrancisChurch", "StFrancisChurch\StFrancisChurch.csproj", "{1382487A-56F1-4FF6-A966-6034F1829A4F}"
EndProject
Global
	GlobalSection(SolutionConfigurationPlatforms) = preSolution
		Debug|Any CPU = Debug|Any CPU
		Release|Any CPU = Release|Any CPU
	EndGlobalSection
	GlobalSection(ProjectConfigurationPlatforms) = postSolution
		{1382487A-56F1-4FF6-A966-6034F1829A4F}.Debug|Any CPU.ActiveCfg = Debug|Any CPU
		{1382487A-56F1-4FF6-A966-6034F1829A4F}.Debug|Any CPU.Build.0 = Debug|Any CPU
		{1382487A-56F1-4FF6-A966-6034F1829A4F}.Release|Any CPU.ActiveCfg = Release|Any CPU
		{1382487A-56F1-4FF6-A966-6034F1829A4F}.Release|Any CPU.Build.0 = Release|Any CPU
	EndGlobalSection
	GlobalSection(SolutionProperties) = preSolution
		HideSolutionNode = FALSE
	EndGlobalSection
	GlobalSection(ExtensibilityGlobals) = postSolution
		SolutionGuid = {DF50D5A0-B4F9-4B6C-AEAC-3F5C1B0094BA}
	EndGlobalSection
EndGlobal
